
Microsoft Visual Studio Solution File, Format Version 12.00
# Visual Studio Version 16
VisualStudioVersion = 16.0.30804.86
MinimumVisualStudioVersion = 10.0.40219.1
Project("{2150E333-8FDC-42A3-9474-1A3956D46DE8}") = "Solution Items", "Solution Items", "{3B316F5D-5AB3-48AD-8CD1-7948C5C5C416}"
	ProjectSection(SolutionItems) = preProject
		README.md = README.md
	EndProjectSection
EndProject
Project("{9A19103F-16F7-4668-BE54-9A1E7A4F7556}") = "OrmBenchmark.Core", "OrmBenchmark.Core\OrmBenchmark.Core.csproj", "{BF582E10-662A-48F8-A52A-07FD5E9E14D9}"
EndProject
Project("{9A19103F-16F7-4668-BE54-9A1E7A4F7556}") = "OrmBenchmark.Ado", "OrmBenchmark.Ado\OrmBenchmark.Ado.csproj", "{92D3DDBF-22DF-4984-BF82-8F26BF837F58}"
EndProject
Project("{9A19103F-16F7-4668-BE54-9A1E7A4F7556}") = "OrmBenchmark.Dapper", "OrmBenchmark.Dapper\OrmBenchmark.Dapper.csproj", "{6FEF3E25-BBA1-4915-AAFB-66FF9C00E478}"
EndProject
Project("{9A19103F-16F7-4668-BE54-9A1E7A4F7556}") = "OrmBenchmark.EntityFramework", "OrmBenchmark.EntityFramework\OrmBenchmark.EntityFramework.csproj", "{E08C4E3B-0689-4B6B-83A7-51FD7A722815}"
EndProject
Project("{9A19103F-16F7-4668-BE54-9A1E7A4F7556}") = "OrmBenchmark.OrmLite", "OrmBenchmark.OrmLite\OrmBenchmark.OrmLite.csproj", "{C74719FE-6E81-4591-B2BC-CC1CFECC9722}"
EndProject
Project("{9A19103F-16F7-4668-BE54-9A1E7A4F7556}") = "OrmBenchmark.PetaPoco", "OrmBenchmark.PetaPoco\OrmBenchmark.PetaPoco.csproj", "{288636F3-963C-4A6C-8ABF-99F99F4E1CA1}"
EndProject
Project("{9A19103F-16F7-4668-BE54-9A1E7A4F7556}") = "OrmBenchmark.DevExpress", "OrmBenchmark.DevExpress\OrmBenchmark.DevExpress.csproj", "{57CF52C7-22EC-441E-992D-EEC311A8A157}"
EndProject
Project("{9A19103F-16F7-4668-BE54-9A1E7A4F7556}") = "OrmBenchmark.RepoDb", "OrmBenchmark.RepoDb\OrmBenchmark.RepoDb.csproj", "{1952D64F-63BE-45F7-9BA0-49A0209D6EA4}"
EndProject
Project("{9A19103F-16F7-4668-BE54-9A1E7A4F7556}") = "OrmBenchmark.InsightDatabase", "OrmBenchmark.InsightDatabase\OrmBenchmark.InsightDatabase.csproj", "{6C328770-F08B-48F6-A379-4C889CC22D11}"
EndProject
Project("{9A19103F-16F7-4668-BE54-9A1E7A4F7556}") = "OrmBenchmark.OrmToolkit", "OrmBenchmark.OrmToolkit\OrmBenchmark.OrmToolkit.csproj", "{E0304BC1-BB2C-47F3-B72A-C8A51ABE3FE2}"
EndProject
Project("{9A19103F-16F7-4668-BE54-9A1E7A4F7556}") = "OrmBenchmark.SqlSugar", "OrmBenchmark.SqlSugar\OrmBenchmark.SqlSugar.csproj", "{BEFD705C-B3F0-453F-9153-E0494484DBC8}"
EndProject
Project("{9A19103F-16F7-4668-BE54-9A1E7A4F7556}") = "OrmBenchmark.NHibernate", "OrmBenchmark.NHibernate\OrmBenchmark.NHibernate.csproj", "{D9710C68-4DBA-4302-BC96-EB171DA3A3A5}"
EndProject
Project("{9A19103F-16F7-4668-BE54-9A1E7A4F7556}") = "OrmBenchmark.Console", "OrmBenchmark.Console\OrmBenchmark.Console.csproj", "{E0BDE61A-DB9A-4819-87CA-30E8730AF78A}"
EndProject
Global
	GlobalSection(SolutionConfigurationPlatforms) = preSolution
		Debug|Any CPU = Debug|Any CPU
		Debug|x64 = Debug|x64
		Debug|x86 = Debug|x86
		Release|Any CPU = Release|Any CPU
		Release|x64 = Release|x64
		Release|x86 = Release|x86
	EndGlobalSection
	GlobalSection(ProjectConfigurationPlatforms) = postSolution
		{BF582E10-662A-48F8-A52A-07FD5E9E14D9}.Debug|Any CPU.ActiveCfg = Debug|Any CPU
		{BF582E10-662A-48F8-A52A-07FD5E9E14D9}.Debug|Any CPU.Build.0 = Debug|Any CPU
		{BF582E10-662A-48F8-A52A-07FD5E9E14D9}.Debug|x64.ActiveCfg = Debug|Any CPU
		{BF582E10-662A-48F8-A52A-07FD5E9E14D9}.Debug|x64.Build.0 = Debug|Any CPU
		{BF582E10-662A-48F8-A52A-07FD5E9E14D9}.Debug|x86.ActiveCfg = Debug|Any CPU
		{BF582E10-662A-48F8-A52A-07FD5E9E14D9}.Debug|x86.Build.0 = Debug|Any CPU
		{BF582E10-662A-48F8-A52A-07FD5E9E14D9}.Release|Any CPU.ActiveCfg = Release|Any CPU
		{BF582E10-662A-48F8-A52A-07FD5E9E14D9}.Release|Any CPU.Build.0 = Release|Any CPU
		{BF582E10-662A-48F8-A52A-07FD5E9E14D9}.Release|x64.ActiveCfg = Release|Any CPU
		{BF582E10-662A-48F8-A52A-07FD5E9E14D9}.Release|x64.Build.0 = Release|Any CPU
		{BF582E10-662A-48F8-A52A-07FD5E9E14D9}.Release|x86.ActiveCfg = Release|Any CPU
		{BF582E10-662A-48F8-A52A-07FD5E9E14D9}.Release|x86.Build.0 = Release|Any CPU
		{92D3DDBF-22DF-4984-BF82-8F26BF837F58}.Debug|Any CPU.ActiveCfg = Debug|Any CPU
		{92D3DDBF-22DF-4984-BF82-8F26BF837F58}.Debug|Any CPU.Build.0 = Debug|Any CPU
		{92D3DDBF-22DF-4984-BF82-8F26BF837F58}.Debug|x64.ActiveCfg = Debug|Any CPU
		{92D3DDBF-22DF-4984-BF82-8F26BF837F58}.Debug|x64.Build.0 = Debug|Any CPU
		{92D3DDBF-22DF-4984-BF82-8F26BF837F58}.Debug|x86.ActiveCfg = Debug|Any CPU
		{92D3DDBF-22DF-4984-BF82-8F26BF837F58}.Debug|x86.Build.0 = Debug|Any CPU
		{92D3DDBF-22DF-4984-BF82-8F26BF837F58}.Release|Any CPU.ActiveCfg = Release|Any CPU
		{92D3DDBF-22DF-4984-BF82-8F26BF837F58}.Release|Any CPU.Build.0 = Release|Any CPU
		{92D3DDBF-22DF-4984-BF82-8F26BF837F58}.Release|x64.ActiveCfg = Release|Any CPU
		{92D3DDBF-22DF-4984-BF82-8F26BF837F58}.Release|x64.Build.0 = Release|Any CPU
		{92D3DDBF-22DF-4984-BF82-8F26BF837F58}.Release|x86.ActiveCfg = Release|Any CPU
		{92D3DDBF-22DF-4984-BF82-8F26BF837F58}.Release|x86.Build.0 = Release|Any CPU
		{6FEF3E25-BBA1-4915-AAFB-66FF9C00E478}.Debug|Any CPU.ActiveCfg = Debug|Any CPU
		{6FEF3E25-BBA1-4915-AAFB-66FF9C00E478}.Debug|Any CPU.Build.0 = Debug|Any CPU
		{6FEF3E25-BBA1-4915-AAFB-66FF9C00E478}.Debug|x64.ActiveCfg = Debug|Any CPU
		{6FEF3E25-BBA1-4915-AAFB-66FF9C00E478}.Debug|x64.Build.0 = Debug|Any CPU
		{6FEF3E25-BBA1-4915-AAFB-66FF9C00E478}.Debug|x86.ActiveCfg = Debug|Any CPU
		{6FEF3E25-BBA1-4915-AAFB-66FF9C00E478}.Debug|x86.Build.0 = Debug|Any CPU
		{6FEF3E25-BBA1-4915-AAFB-66FF9C00E478}.Release|Any CPU.ActiveCfg = Release|Any CPU
		{6FEF3E25-BBA1-4915-AAFB-66FF9C00E478}.Release|Any CPU.Build.0 = Release|Any CPU
		{6FEF3E25-BBA1-4915-AAFB-66FF9C00E478}.Release|x64.ActiveCfg = Release|Any CPU
		{6FEF3E25-BBA1-4915-AAFB-66FF9C00E478}.Release|x64.Build.0 = Release|Any CPU
		{6FEF3E25-BBA1-4915-AAFB-66FF9C00E478}.Release|x86.ActiveCfg = Release|Any CPU
		{6FEF3E25-BBA1-4915-AAFB-66FF9C00E478}.Release|x86.Build.0 = Release|Any CPU
		{E08C4E3B-0689-4B6B-83A7-51FD7A722815}.Debug|Any CPU.ActiveCfg = Debug|Any CPU
		{E08C4E3B-0689-4B6B-83A7-51FD7A722815}.Debug|Any CPU.Build.0 = Debug|Any CPU
		{E08C4E3B-0689-4B6B-83A7-51FD7A722815}.Debug|x64.ActiveCfg = Debug|Any CPU
		{E08C4E3B-0689-4B6B-83A7-51FD7A722815}.Debug|x64.Build.0 = Debug|Any CPU
		{E08C4E3B-0689-4B6B-83A7-51FD7A722815}.Debug|x86.ActiveCfg = Debug|Any CPU
		{E08C4E3B-0689-4B6B-83A7-51FD7A722815}.Debug|x86.Build.0 = Debug|Any CPU
		{E08C4E3B-0689-4B6B-83A7-51FD7A722815}.Release|Any CPU.ActiveCfg = Release|Any CPU
		{E08C4E3B-0689-4B6B-83A7-51FD7A722815}.Release|Any CPU.Build.0 = Release|Any CPU
		{E08C4E3B-0689-4B6B-83A7-51FD7A722815}.Release|x64.ActiveCfg = Release|Any CPU
		{E08C4E3B-0689-4B6B-83A7-51FD7A722815}.Release|x64.Build.0 = Release|Any CPU
		{E08C4E3B-0689-4B6B-83A7-51FD7A722815}.Release|x86.ActiveCfg = Release|Any CPU
		{E08C4E3B-0689-4B6B-83A7-51FD7A722815}.Release|x86.Build.0 = Release|Any CPU
		{C74719FE-6E81-4591-B2BC-CC1CFECC9722}.Debug|Any CPU.ActiveCfg = Debug|Any CPU
		{C74719FE-6E81-4591-B2BC-CC1CFECC9722}.Debug|Any CPU.Build.0 = Debug|Any CPU
		{C74719FE-6E81-4591-B2BC-CC1CFECC9722}.Debug|x64.ActiveCfg = Debug|Any CPU
		{C74719FE-6E81-4591-B2BC-CC1CFECC9722}.Debug|x64.Build.0 = Debug|Any CPU
		{C74719FE-6E81-4591-B2BC-CC1CFECC9722}.Debug|x86.ActiveCfg = Debug|Any CPU
		{C74719FE-6E81-4591-B2BC-CC1CFECC9722}.Debug|x86.Build.0 = Debug|Any CPU
		{C74719FE-6E81-4591-B2BC-CC1CFECC9722}.Release|Any CPU.ActiveCfg = Release|Any CPU
		{C74719FE-6E81-4591-B2BC-CC1CFECC9722}.Release|Any CPU.Build.0 = Release|Any CPU
		{C74719FE-6E81-4591-B2BC-CC1CFECC9722}.Release|x64.ActiveCfg = Release|Any CPU
		{C74719FE-6E81-4591-B2BC-CC1CFECC9722}.Release|x64.Build.0 = Release|Any CPU
		{C74719FE-6E81-4591-B2BC-CC1CFECC9722}.Release|x86.ActiveCfg = Release|Any CPU
		{C74719FE-6E81-4591-B2BC-CC1CFECC9722}.Release|x86.Build.0 = Release|Any CPU
		{288636F3-963C-4A6C-8ABF-99F99F4E1CA1}.Debug|Any CPU.ActiveCfg = Debug|Any CPU
		{288636F3-963C-4A6C-8ABF-99F99F4E1CA1}.Debug|Any CPU.Build.0 = Debug|Any CPU
		{288636F3-963C-4A6C-8ABF-99F99F4E1CA1}.Debug|x64.ActiveCfg = Debug|Any CPU
		{288636F3-963C-4A6C-8ABF-99F99F4E1CA1}.Debug|x64.Build.0 = Debug|Any CPU
		{288636F3-963C-4A6C-8ABF-99F99F4E1CA1}.Debug|x86.ActiveCfg = Debug|Any CPU
		{288636F3-963C-4A6C-8ABF-99F99F4E1CA1}.Debug|x86.Build.0 = Debug|Any CPU
		{288636F3-963C-4A6C-8ABF-99F99F4E1CA1}.Release|Any CPU.ActiveCfg = Release|Any CPU
		{288636F3-963C-4A6C-8ABF-99F99F4E1CA1}.Release|Any CPU.Build.0 = Release|Any CPU
		{288636F3-963C-4A6C-8ABF-99F99F4E1CA1}.Release|x64.ActiveCfg = Release|Any CPU
		{288636F3-963C-4A6C-8ABF-99F99F4E1CA1}.Release|x64.Build.0 = Release|Any CPU
		{288636F3-963C-4A6C-8ABF-99F99F4E1CA1}.Release|x86.ActiveCfg = Release|Any CPU
		{288636F3-963C-4A6C-8ABF-99F99F4E1CA1}.Release|x86.Build.0 = Release|Any CPU
		{57CF52C7-22EC-441E-992D-EEC311A8A157}.Debug|Any CPU.ActiveCfg = Debug|Any CPU
		{57CF52C7-22EC-441E-992D-EEC311A8A157}.Debug|Any CPU.Build.0 = Debug|Any CPU
		{57CF52C7-22EC-441E-992D-EEC311A8A157}.Debug|x64.ActiveCfg = Debug|Any CPU
		{57CF52C7-22EC-441E-992D-EEC311A8A157}.Debug|x64.Build.0 = Debug|Any CPU
		{57CF52C7-22EC-441E-992D-EEC311A8A157}.Debug|x86.ActiveCfg = Debug|Any CPU
		{57CF52C7-22EC-441E-992D-EEC311A8A157}.Debug|x86.Build.0 = Debug|Any CPU
		{57CF52C7-22EC-441E-992D-EEC311A8A157}.Release|Any CPU.ActiveCfg = Release|Any CPU
		{57CF52C7-22EC-441E-992D-EEC311A8A157}.Release|Any CPU.Build.0 = Release|Any CPU
		{57CF52C7-22EC-441E-992D-EEC311A8A157}.Release|x64.ActiveCfg = Release|Any CPU
		{57CF52C7-22EC-441E-992D-EEC311A8A157}.Release|x64.Build.0 = Release|Any CPU
		{57CF52C7-22EC-441E-992D-EEC311A8A157}.Release|x86.ActiveCfg = Release|Any CPU
		{57CF52C7-22EC-441E-992D-EEC311A8A157}.Release|x86.Build.0 = Release|Any CPU
		{1952D64F-63BE-45F7-9BA0-49A0209D6EA4}.Debug|Any CPU.ActiveCfg = Debug|Any CPU
		{1952D64F-63BE-45F7-9BA0-49A0209D6EA4}.Debug|Any CPU.Build.0 = Debug|Any CPU
		{1952D64F-63BE-45F7-9BA0-49A0209D6EA4}.Debug|x64.ActiveCfg = Debug|Any CPU
		{1952D64F-63BE-45F7-9BA0-49A0209D6EA4}.Debug|x64.Build.0 = Debug|Any CPU
		{1952D64F-63BE-45F7-9BA0-49A0209D6EA4}.Debug|x86.ActiveCfg = Debug|Any CPU
		{1952D64F-63BE-45F7-9BA0-49A0209D6EA4}.Debug|x86.Build.0 = Debug|Any CPU
		{1952D64F-63BE-45F7-9BA0-49A0209D6EA4}.Release|Any CPU.ActiveCfg = Release|Any CPU
		{1952D64F-63BE-45F7-9BA0-49A0209D6EA4}.Release|Any CPU.Build.0 = Release|Any CPU
		{1952D64F-63BE-45F7-9BA0-49A0209D6EA4}.Release|x64.ActiveCfg = Release|Any CPU
		{1952D64F-63BE-45F7-9BA0-49A0209D6EA4}.Release|x64.Build.0 = Release|Any CPU
		{1952D64F-63BE-45F7-9BA0-49A0209D6EA4}.Release|x86.ActiveCfg = Release|Any CPU
		{1952D64F-63BE-45F7-9BA0-49A0209D6EA4}.Release|x86.Build.0 = Release|Any CPU
		{6C328770-F08B-48F6-A379-4C889CC22D11}.Debug|Any CPU.ActiveCfg = Debug|Any CPU
		{6C328770-F08B-48F6-A379-4C889CC22D11}.Debug|Any CPU.Build.0 = Debug|Any CPU
		{6C328770-F08B-48F6-A379-4C889CC22D11}.Debug|x64.ActiveCfg = Debug|Any CPU
		{6C328770-F08B-48F6-A379-4C889CC22D11}.Debug|x64.Build.0 = Debug|Any CPU
		{6C328770-F08B-48F6-A379-4C889CC22D11}.Debug|x86.ActiveCfg = Debug|Any CPU
		{6C328770-F08B-48F6-A379-4C889CC22D11}.Debug|x86.Build.0 = Debug|Any CPU
		{6C328770-F08B-48F6-A379-4C889CC22D11}.Release|Any CPU.ActiveCfg = Release|Any CPU
		{6C328770-F08B-48F6-A379-4C889CC22D11}.Release|Any CPU.Build.0 = Release|Any CPU
		{6C328770-F08B-48F6-A379-4C889CC22D11}.Release|x64.ActiveCfg = Release|Any CPU
		{6C328770-F08B-48F6-A379-4C889CC22D11}.Release|x64.Build.0 = Release|Any CPU
		{6C328770-F08B-48F6-A379-4C889CC22D11}.Release|x86.ActiveCfg = Release|Any CPU
		{6C328770-F08B-48F6-A379-4C889CC22D11}.Release|x86.Build.0 = Release|Any CPU
		{E0304BC1-BB2C-47F3-B72A-C8A51ABE3FE2}.Debug|Any CPU.ActiveCfg = Debug|Any CPU
		{E0304BC1-BB2C-47F3-B72A-C8A51ABE3FE2}.Debug|Any CPU.Build.0 = Debug|Any CPU
		{E0304BC1-BB2C-47F3-B72A-C8A51ABE3FE2}.Debug|x64.ActiveCfg = Debug|Any CPU
		{E0304BC1-BB2C-47F3-B72A-C8A51ABE3FE2}.Debug|x64.Build.0 = Debug|Any CPU
		{E0304BC1-BB2C-47F3-B72A-C8A51ABE3FE2}.Debug|x86.ActiveCfg = Debug|Any CPU
		{E0304BC1-BB2C-47F3-B72A-C8A51ABE3FE2}.Debug|x86.Build.0 = Debug|Any CPU
		{E0304BC1-BB2C-47F3-B72A-C8A51ABE3FE2}.Release|Any CPU.ActiveCfg = Release|Any CPU
		{E0304BC1-BB2C-47F3-B72A-C8A51ABE3FE2}.Release|Any CPU.Build.0 = Release|Any CPU
		{E0304BC1-BB2C-47F3-B72A-C8A51ABE3FE2}.Release|x64.ActiveCfg = Release|Any CPU
		{E0304BC1-BB2C-47F3-B72A-C8A51ABE3FE2}.Release|x64.Build.0 = Release|Any CPU
		{E0304BC1-BB2C-47F3-B72A-C8A51ABE3FE2}.Release|x86.ActiveCfg = Release|Any CPU
		{E0304BC1-BB2C-47F3-B72A-C8A51ABE3FE2}.Release|x86.Build.0 = Release|Any CPU
		{BEFD705C-B3F0-453F-9153-E0494484DBC8}.Debug|Any CPU.ActiveCfg = Debug|Any CPU
		{BEFD705C-B3F0-453F-9153-E0494484DBC8}.Debug|Any CPU.Build.0 = Debug|Any CPU
		{BEFD705C-B3F0-453F-9153-E0494484DBC8}.Debug|x64.ActiveCfg = Debug|Any CPU
		{BEFD705C-B3F0-453F-9153-E0494484DBC8}.Debug|x64.Build.0 = Debug|Any CPU
		{BEFD705C-B3F0-453F-9153-E0494484DBC8}.Debug|x86.ActiveCfg = Debug|Any CPU
		{BEFD705C-B3F0-453F-9153-E0494484DBC8}.Debug|x86.Build.0 = Debug|Any CPU
		{BEFD705C-B3F0-453F-9153-E0494484DBC8}.Release|Any CPU.ActiveCfg = Release|Any CPU
		{BEFD705C-B3F0-453F-9153-E0494484DBC8}.Release|Any CPU.Build.0 = Release|Any CPU
		{BEFD705C-B3F0-453F-9153-E0494484DBC8}.Release|x64.ActiveCfg = Release|Any CPU
		{BEFD705C-B3F0-453F-9153-E0494484DBC8}.Release|x64.Build.0 = Release|Any CPU
		{BEFD705C-B3F0-453F-9153-E0494484DBC8}.Release|x86.ActiveCfg = Release|Any CPU
		{BEFD705C-B3F0-453F-9153-E0494484DBC8}.Release|x86.Build.0 = Release|Any CPU
		{D9710C68-4DBA-4302-BC96-EB171DA3A3A5}.Debug|Any CPU.ActiveCfg = Debug|Any CPU
		{D9710C68-4DBA-4302-BC96-EB171DA3A3A5}.Debug|Any CPU.Build.0 = Debug|Any CPU
		{D9710C68-4DBA-4302-BC96-EB171DA3A3A5}.Debug|x64.ActiveCfg = Debug|Any CPU
		{D9710C68-4DBA-4302-BC96-EB171DA3A3A5}.Debug|x64.Build.0 = Debug|Any CPU
		{D9710C68-4DBA-4302-BC96-EB171DA3A3A5}.Debug|x86.ActiveCfg = Debug|Any CPU
		{D9710C68-4DBA-4302-BC96-EB171DA3A3A5}.Debug|x86.Build.0 = Debug|Any CPU
		{D9710C68-4DBA-4302-BC96-EB171DA3A3A5}.Release|Any CPU.ActiveCfg = Release|Any CPU
		{D9710C68-4DBA-4302-BC96-EB171DA3A3A5}.Release|Any CPU.Build.0 = Release|Any CPU
		{D9710C68-4DBA-4302-BC96-EB171DA3A3A5}.Release|x64.ActiveCfg = Release|Any CPU
		{D9710C68-4DBA-4302-BC96-EB171DA3A3A5}.Release|x64.Build.0 = Release|Any CPU
		{D9710C68-4DBA-4302-BC96-EB171DA3A3A5}.Release|x86.ActiveCfg = Release|Any CPU
		{D9710C68-4DBA-4302-BC96-EB171DA3A3A5}.Release|x86.Build.0 = Release|Any CPU
		{E0BDE61A-DB9A-4819-87CA-30E8730AF78A}.Debug|Any CPU.ActiveCfg = Debug|Any CPU
		{E0BDE61A-DB9A-4819-87CA-30E8730AF78A}.Debug|Any CPU.Build.0 = Debug|Any CPU
		{E0BDE61A-DB9A-4819-87CA-30E8730AF78A}.Debug|x64.ActiveCfg = Debug|Any CPU
		{E0BDE61A-DB9A-4819-87CA-30E8730AF78A}.Debug|x64.Build.0 = Debug|Any CPU
		{E0BDE61A-DB9A-4819-87CA-30E8730AF78A}.Debug|x86.ActiveCfg = Debug|Any CPU
		{E0BDE61A-DB9A-4819-87CA-30E8730AF78A}.Debug|x86.Build.0 = Debug|Any CPU
		{E0BDE61A-DB9A-4819-87CA-30E8730AF78A}.Release|Any CPU.ActiveCfg = Release|Any CPU
		{E0BDE61A-DB9A-4819-87CA-30E8730AF78A}.Release|Any CPU.Build.0 = Release|Any CPU
		{E0BDE61A-DB9A-4819-87CA-30E8730AF78A}.Release|x64.ActiveCfg = Release|Any CPU
		{E0BDE61A-DB9A-4819-87CA-30E8730AF78A}.Release|x64.Build.0 = Release|Any CPU
		{E0BDE61A-DB9A-4819-87CA-30E8730AF78A}.Release|x86.ActiveCfg = Release|Any CPU
		{E0BDE61A-DB9A-4819-87CA-30E8730AF78A}.Release|x86.Build.0 = Release|Any CPU
	EndGlobalSection
	GlobalSection(SolutionProperties) = preSolution
		HideSolutionNode = FALSE
	EndGlobalSection
	GlobalSection(ExtensibilityGlobals) = postSolution
		SolutionGuid = {20894AAD-CC66-4D98-B8E9-3AB4D6BE3A5E}
	EndGlobalSection
EndGlobal
